{
  "name": "vibiio-client-app",
  "version": "0.0.0",
  "lockfileVersion": 1,
  "dependencies": {
    "actioncable": {
      "version": "5.0.4",
      "resolved": "https://registry.npmjs.org/actioncable/-/actioncable-5.0.4.tgz",
      "integrity": "sha1-WzYo1GsD5ZrQLw5F3ndOVeTqVuM="
    },
    "ng2-cable": {
      "version": "1.1.4",
      "resolved": "https://registry.npmjs.org/ng2-cable/-/ng2-cable-1.1.4.tgz",
      "integrity": "sha1-QVLQjyw4QsqB59mtezIkLBq1FCA=",
      "dependencies": {
        "@angular/compiler": {
          "version": "4.2.3",
          "resolved": "https://registry.npmjs.org/@angular/compiler/-/compiler-4.2.3.tgz",
          "integrity": "sha1-6c3tR5lM9K23Ui13jEax98UmMwI="
        },
        "@angular/core": {
          "version": "4.2.3",
          "resolved": "https://registry.npmjs.org/@angular/core/-/core-4.2.3.tgz",
          "integrity": "sha1-q3MpwY1P0wWHK4Jxj/rj525NRUk="
        },
        "rxjs": {
          "version": "5.4.1",
          "resolved": "https://registry.npmjs.org/rxjs/-/rxjs-5.4.1.tgz",
          "integrity": "sha1-ti91fyeURdJloYpY+wpw3JDpFiY="
        },
        "zone.js": {
          "version": "0.8.12",
          "resolved": "https://registry.npmjs.org/zone.js/-/zone.js-0.8.12.tgz",
          "integrity": "sha1-hv9QU8mK7CkaC/S7rFAdaUoFz7s="
        }
      }
    },
    "symbol-observable": {
      "version": "1.0.4",
      "resolved": "https://registry.npmjs.org/symbol-observable/-/symbol-observable-1.0.4.tgz",
      "integrity": "sha1-Kb9hXUqnEhvdiYsi1LP5vE4qoD0="
    },
    "tslib": {
      "version": "1.7.1",
      "resolved": "https://registry.npmjs.org/tslib/-/tslib-1.7.1.tgz",
      "integrity": "sha1-vIAEFkaRkjp5/oN4u+s9ogF1OOw="
    }
  }
}
